
Microsoft Visual Studio Solution File, Format Version 12.00
# Visual Studio Version 16
VisualStudioVersion = 25.0.1703.0
MinimumVisualStudioVersion = 10.0.40219.1
Project("{FAE04EC0-301F-11D3-BF4B-00C04F79EFBC}") = "Feedz.Web", "Feedz.Web\Feedz.Web.csproj", "{B38C0E79-10C4-4B91-A831-F70187CB48FB}"
EndProject
Project("{FAE04EC0-301F-11D3-BF4B-00C04F79EFBC}") = "Feedz.Data", "Feedz.Data\Feedz.Data.csproj", "{88C8A6DA-F0B7-4261-B80B-E740E56DCFEE}"
EndProject
Project("{FAE04EC0-301F-11D3-BF4B-00C04F79EFBC}") = "Feedz.Worker", "Feedz.Worker\Feedz.Worker.csproj", "{BEE4047F-E0BA-4877-8E96-18337E8C50CF}"
EndProject
Project("{FAE04EC0-301F-11D3-BF4B-00C04F79EFBC}") = "Feedz.Feed.RSS", "Feedz.Feed.RSS\Feedz.Feed.RSS.csproj", "{9215CDD0-7361-404F-973A-58165CF38D1C}"
EndProject
Project("{FAE04EC0-301F-11D3-BF4B-00C04F79EFBC}") = "Feedz.Feed", "Feedz.Feed\Feedz.Feed.csproj", "{C776E7C5-BC4E-45C6-B6DA-5861C6C97CF6}"
EndProject
Project("{FAE04EC0-301F-11D3-BF4B-00C04F79EFBC}") = "Feedz.Data.Tests", "Feedz.Data.Tests\Feedz.Data.Tests.csproj", "{BB2F3354-C0F0-4FDE-9103-2CC0930B3717}"
EndProject
Global
	GlobalSection(SolutionConfigurationPlatforms) = preSolution
		Debug|Any CPU = Debug|Any CPU
		Release|Any CPU = Release|Any CPU
	EndGlobalSection
	GlobalSection(ProjectConfigurationPlatforms) = postSolution
		{B38C0E79-10C4-4B91-A831-F70187CB48FB}.Debug|Any CPU.ActiveCfg = Debug|Any CPU
		{B38C0E79-10C4-4B91-A831-F70187CB48FB}.Debug|Any CPU.Build.0 = Debug|Any CPU
		{B38C0E79-10C4-4B91-A831-F70187CB48FB}.Release|Any CPU.ActiveCfg = Release|Any CPU
		{B38C0E79-10C4-4B91-A831-F70187CB48FB}.Release|Any CPU.Build.0 = Release|Any CPU
		{88C8A6DA-F0B7-4261-B80B-E740E56DCFEE}.Debug|Any CPU.ActiveCfg = Debug|Any CPU
		{88C8A6DA-F0B7-4261-B80B-E740E56DCFEE}.Debug|Any CPU.Build.0 = Debug|Any CPU
		{88C8A6DA-F0B7-4261-B80B-E740E56DCFEE}.Release|Any CPU.ActiveCfg = Release|Any CPU
		{88C8A6DA-F0B7-4261-B80B-E740E56DCFEE}.Release|Any CPU.Build.0 = Release|Any CPU
		{BEE4047F-E0BA-4877-8E96-18337E8C50CF}.Debug|Any CPU.ActiveCfg = Debug|Any CPU
		{BEE4047F-E0BA-4877-8E96-18337E8C50CF}.Debug|Any CPU.Build.0 = Debug|Any CPU
		{BEE4047F-E0BA-4877-8E96-18337E8C50CF}.Release|Any CPU.ActiveCfg = Release|Any CPU
		{BEE4047F-E0BA-4877-8E96-18337E8C50CF}.Release|Any CPU.Build.0 = Release|Any CPU
		{9215CDD0-7361-404F-973A-58165CF38D1C}.Debug|Any CPU.ActiveCfg = Debug|Any CPU
		{9215CDD0-7361-404F-973A-58165CF38D1C}.Debug|Any CPU.Build.0 = Debug|Any CPU
		{9215CDD0-7361-404F-973A-58165CF38D1C}.Release|Any CPU.ActiveCfg = Release|Any CPU
		{9215CDD0-7361-404F-973A-58165CF38D1C}.Release|Any CPU.Build.0 = Release|Any CPU
		{C776E7C5-BC4E-45C6-B6DA-5861C6C97CF6}.Debug|Any CPU.ActiveCfg = Debug|Any CPU
		{C776E7C5-BC4E-45C6-B6DA-5861C6C97CF6}.Debug|Any CPU.Build.0 = Debug|Any CPU
		{C776E7C5-BC4E-45C6-B6DA-5861C6C97CF6}.Release|Any CPU.ActiveCfg = Release|Any CPU
		{C776E7C5-BC4E-45C6-B6DA-5861C6C97CF6}.Release|Any CPU.Build.0 = Release|Any CPU
		{BB2F3354-C0F0-4FDE-9103-2CC0930B3717}.Debug|Any CPU.ActiveCfg = Debug|Any CPU
		{BB2F3354-C0F0-4FDE-9103-2CC0930B3717}.Debug|Any CPU.Build.0 = Debug|Any CPU
		{BB2F3354-C0F0-4FDE-9103-2CC0930B3717}.Release|Any CPU.ActiveCfg = Release|Any CPU
		{BB2F3354-C0F0-4FDE-9103-2CC0930B3717}.Release|Any CPU.Build.0 = Release|Any CPU
	EndGlobalSection
	GlobalSection(SolutionProperties) = preSolution
		HideSolutionNode = FALSE
	EndGlobalSection
	GlobalSection(ExtensibilityGlobals) = postSolution
		SolutionGuid = {ED474223-8EBF-4D95-826B-73D2023B5197}
	EndGlobalSection
	GlobalSection(NestedProjects) = preSolution
	EndGlobalSection
EndGlobal
